
Microsoft Visual Studio Solution File, Format Version 12.00
# Visual Studio 15
VisualStudioVersion = 15.0.26730.8
MinimumVisualStudioVersion = 10.0.40219.1
Project("{FAE04EC0-301F-11D3-BF4B-00C04F79EFBC}") = "OOP2.HRMS.WF", "OOP2.HRMS.WF\OOP2.HRMS.WF.csproj", "{AFA8EA5F-33EF-4A9B-99CE-7246EA893E9F}"
EndProject
Project("{FAE04EC0-301F-11D3-BF4B-00C04F79EFBC}") = "OOP2.HRMS.DATA", "OOP2.HRMS.DATA\OOP2.HRMS.DATA.csproj", "{DE8C341E-D70F-48C7-A95E-C0A221EFB327}"
EndProject
Project("{FAE04EC0-301F-11D3-BF4B-00C04F79EFBC}") = "OOP2.HRMS.FRAMEWORK", "OOP2.HRMS.FRAMEWORK\OOP2.HRMS.FRAMEWORK.csproj", "{29DE7ED2-10A7-4635-BFAE-5394A7D663C9}"
EndProject
Project("{FAE04EC0-301F-11D3-BF4B-00C04F79EFBC}") = "OOP2.HRMS.REPO", "OOP2.HRMS.REPO\OOP2.HRMS.REPO.csproj", "{5C0C0702-F1EE-4673-B3A8-2C94AD0B20A4}"
EndProject
Project("{FAE04EC0-301F-11D3-BF4B-00C04F79EFBC}") = "OOP2.HRMS.Reporting", "OOP2.HRMS.Reporting\OOP2.HRMS.Reporting.csproj", "{3B8BA128-AC9F-4EE8-82B7-570666BD0080}"
EndProject
Global
	GlobalSection(SolutionConfigurationPlatforms) = preSolution
		Debug|Any CPU = Debug|Any CPU
		Release|Any CPU = Release|Any CPU
	EndGlobalSection
	GlobalSection(ProjectConfigurationPlatforms) = postSolution
		{AFA8EA5F-33EF-4A9B-99CE-7246EA893E9F}.Debug|Any CPU.ActiveCfg = Debug|Any CPU
		{AFA8EA5F-33EF-4A9B-99CE-7246EA893E9F}.Debug|Any CPU.Build.0 = Debug|Any CPU
		{AFA8EA5F-33EF-4A9B-99CE-7246EA893E9F}.Release|Any CPU.ActiveCfg = Release|Any CPU
		{AFA8EA5F-33EF-4A9B-99CE-7246EA893E9F}.Release|Any CPU.Build.0 = Release|Any CPU
		{DE8C341E-D70F-48C7-A95E-C0A221EFB327}.Debug|Any CPU.ActiveCfg = Debug|Any CPU
		{DE8C341E-D70F-48C7-A95E-C0A221EFB327}.Debug|Any CPU.Build.0 = Debug|Any CPU
		{DE8C341E-D70F-48C7-A95E-C0A221EFB327}.Release|Any CPU.ActiveCfg = Release|Any CPU
		{DE8C341E-D70F-48C7-A95E-C0A221EFB327}.Release|Any CPU.Build.0 = Release|Any CPU
		{29DE7ED2-10A7-4635-BFAE-5394A7D663C9}.Debug|Any CPU.ActiveCfg = Debug|Any CPU
		{29DE7ED2-10A7-4635-BFAE-5394A7D663C9}.Debug|Any CPU.Build.0 = Debug|Any CPU
		{29DE7ED2-10A7-4635-BFAE-5394A7D663C9}.Release|Any CPU.ActiveCfg = Release|Any CPU
		{29DE7ED2-10A7-4635-BFAE-5394A7D663C9}.Release|Any CPU.Build.0 = Release|Any CPU
		{5C0C0702-F1EE-4673-B3A8-2C94AD0B20A4}.Debug|Any CPU.ActiveCfg = Debug|Any CPU
		{5C0C0702-F1EE-4673-B3A8-2C94AD0B20A4}.Debug|Any CPU.Build.0 = Debug|Any CPU
		{5C0C0702-F1EE-4673-B3A8-2C94AD0B20A4}.Release|Any CPU.ActiveCfg = Release|Any CPU
		{5C0C0702-F1EE-4673-B3A8-2C94AD0B20A4}.Release|Any CPU.Build.0 = Release|Any CPU
		{3B8BA128-AC9F-4EE8-82B7-570666BD0080}.Debug|Any CPU.ActiveCfg = Debug|Any CPU
		{3B8BA128-AC9F-4EE8-82B7-570666BD0080}.Debug|Any CPU.Build.0 = Debug|Any CPU
		{3B8BA128-AC9F-4EE8-82B7-570666BD0080}.Release|Any CPU.ActiveCfg = Release|Any CPU
		{3B8BA128-AC9F-4EE8-82B7-570666BD0080}.Release|Any CPU.Build.0 = Release|Any CPU
	EndGlobalSection
	GlobalSection(SolutionProperties) = preSolution
		HideSolutionNode = FALSE
	EndGlobalSection
	GlobalSection(ExtensibilityGlobals) = postSolution
		SolutionGuid = {22C798C3-50D9-418E-BF8B-8B028B5F3742}
	EndGlobalSection
EndGlobal
